
Microsoft Visual Studio Solution File, Format Version 12.00
# Visual Studio Version 17
VisualStudioVersion = 17.4.33213.308
MinimumVisualStudioVersion = 10.0.40219.1
Project("{FAE04EC0-301F-11D3-BF4B-00C04F79EFBC}") = "Payroll", "Payroll.csproj", "{295A1F03-7060-4745-BBD9-7EDBF2D682FD}"
EndProject
Global
	GlobalSection(SolutionConfigurationPlatforms) = preSolution
		Debug|Any CPU = Debug|Any CPU
		Release|Any CPU = Release|Any CPU
	EndGlobalSection
	GlobalSection(ProjectConfigurationPlatforms) = postSolution
		{295A1F03-7060-4745-BBD9-7EDBF2D682FD}.Debug|Any CPU.ActiveCfg = Debug|Any CPU
		{295A1F03-7060-4745-BBD9-7EDBF2D682FD}.Debug|Any CPU.Build.0 = Debug|Any CPU
		{295A1F03-7060-4745-BBD9-7EDBF2D682FD}.Release|Any CPU.ActiveCfg = Release|Any CPU
		{295A1F03-7060-4745-BBD9-7EDBF2D682FD}.Release|Any CPU.Build.0 = Release|Any CPU
	EndGlobalSection
	GlobalSection(SolutionProperties) = preSolution
		HideSolutionNode = FALSE
	EndGlobalSection
	GlobalSection(ExtensibilityGlobals) = postSolution
		SolutionGuid = {4FAFA3BB-F55E-468B-8F06-94A021C454ED}
	EndGlobalSection
EndGlobal
